
Microsoft Visual Studio Solution File, Format Version 12.00
# Visual Studio Version 16
VisualStudioVersion = 16.0.30413.136
MinimumVisualStudioVersion = 10.0.40219.1
Project("{FAE04EC0-301F-11D3-BF4B-00C04F79EFBC}") = "dotNetProject1", "dotNetProject1\dotNetProject1.csproj", "{603F286B-357F-4BA8-AA3D-4060062D382D}"
EndProject
Global
	GlobalSection(SolutionConfigurationPlatforms) = preSolution
		Debug|Any CPU = Debug|Any CPU
		Release|Any CPU = Release|Any CPU
	EndGlobalSection
	GlobalSection(ProjectConfigurationPlatforms) = postSolution
		{603F286B-357F-4BA8-AA3D-4060062D382D}.Debug|Any CPU.ActiveCfg = Debug|Any CPU
		{603F286B-357F-4BA8-AA3D-4060062D382D}.Debug|Any CPU.Build.0 = Debug|Any CPU
		{603F286B-357F-4BA8-AA3D-4060062D382D}.Release|Any CPU.ActiveCfg = Release|Any CPU
		{603F286B-357F-4BA8-AA3D-4060062D382D}.Release|Any CPU.Build.0 = Release|Any CPU
	EndGlobalSection
	GlobalSection(SolutionProperties) = preSolution
		HideSolutionNode = FALSE
	EndGlobalSection
	GlobalSection(ExtensibilityGlobals) = postSolution
		SolutionGuid = {2B03A961-3FEB-4A68-8B5A-DA3AEB02D3ED}
	EndGlobalSection
EndGlobal
